
Microsoft Visual Studio Solution File, Format Version 12.00
# Visual Studio Version 17
VisualStudioVersion = 17.5.002.0
MinimumVisualStudioVersion = 10.0.40219.1
Project("{9A19103F-16F7-4668-BE54-9A1E7A4F7556}") = "eHealth.Api", "eHealth.Api.csproj", "{B6EE05D2-96B6-4294-9931-F8DA7B5A1242}"
EndProject
Global
	GlobalSection(SolutionConfigurationPlatforms) = preSolution
		Debug|Any CPU = Debug|Any CPU
		Release|Any CPU = Release|Any CPU
	EndGlobalSection
	GlobalSection(ProjectConfigurationPlatforms) = postSolution
		{B6EE05D2-96B6-4294-9931-F8DA7B5A1242}.Debug|Any CPU.ActiveCfg = Debug|Any CPU
		{B6EE05D2-96B6-4294-9931-F8DA7B5A1242}.Debug|Any CPU.Build.0 = Debug|Any CPU
		{B6EE05D2-96B6-4294-9931-F8DA7B5A1242}.Release|Any CPU.ActiveCfg = Release|Any CPU
		{B6EE05D2-96B6-4294-9931-F8DA7B5A1242}.Release|Any CPU.Build.0 = Release|Any CPU
	EndGlobalSection
	GlobalSection(SolutionProperties) = preSolution
		HideSolutionNode = FALSE
	EndGlobalSection
	GlobalSection(ExtensibilityGlobals) = postSolution
		SolutionGuid = {47812A30-13DC-4F7A-ABE7-B0A538F1A426}
	EndGlobalSection
EndGlobal
